// !$*UTF8*$!
{
	archiveVersion = 1;
	classes = {
	};
	objectVersion = 55;
	objects = {

/* Begin PBXBuildFile section */
		2E0BA74E28B0CDD100B3FDA7 /* CaskDetailsView.swift in Sources */ = {isa = PBXBuildFile; fileRef = 2E0BA74D28B0CDD100B3FDA7 /* CaskDetailsView.swift */; };
		2E5C784F28AFD05E005FB5A0 /* BrewStatModel.swift in Sources */ = {isa = PBXBuildFile; fileRef = 2E5C784E28AFD05E005FB5A0 /* BrewStatModel.swift */; };
		2E5C785128AFD0D3005FB5A0 /* BrewStatViewModel.swift in Sources */ = {isa = PBXBuildFile; fileRef = 2E5C785028AFD0D3005FB5A0 /* BrewStatViewModel.swift */; };
		2E8566F028AF7B0600955D12 /* brewBrowserApp.swift in Sources */ = {isa = PBXBuildFile; fileRef = 2E8566EF28AF7B0600955D12 /* brewBrowserApp.swift */; };
		2E8566F228AF7B0600955D12 /* ContentView.swift in Sources */ = {isa = PBXBuildFile; fileRef = 2E8566F128AF7B0600955D12 /* ContentView.swift */; };
		2E8566F428AF7B0800955D12 /* Assets.xcassets in Resources */ = {isa = PBXBuildFile; fileRef = 2E8566F328AF7B0800955D12 /* Assets.xcassets */; };
		2E8566F728AF7B0800955D12 /* Preview Assets.xcassets in Resources */ = {isa = PBXBuildFile; fileRef = 2E8566F628AF7B0800955D12 /* Preview Assets.xcassets */; };
		2E85670128AF7E2900955D12 /* BrewCaskModel.swift in Sources */ = {isa = PBXBuildFile; fileRef = 2E85670028AF7E2900955D12 /* BrewCaskModel.swift */; };
		2E85670328AF806600955D12 /* BrewCaskViewModel.swift in Sources */ = {isa = PBXBuildFile; fileRef = 2E85670228AF806600955D12 /* BrewCaskViewModel.swift */; };
		2EBE516528B00E160063AD39 /* CasksView.swift in Sources */ = {isa = PBXBuildFile; fileRef = 2EBE516428B00E160063AD39 /* CasksView.swift */; };
		2EBE516728B00E340063AD39 /* StatView.swift in Sources */ = {isa = PBXBuildFile; fileRef = 2EBE516628B00E340063AD39 /* StatView.swift */; };
		2EBE516928B00E510063AD39 /* AboutView.swift in Sources */ = {isa = PBXBuildFile; fileRef = 2EBE516828B00E510063AD39 /* AboutView.swift */; };
		2EE8236D28B2236D00070CEF /* FormulaeView.swift in Sources */ = {isa = PBXBuildFile; fileRef = 2EE8236C28B2236D00070CEF /* FormulaeView.swift */; };
		2EE8236F28B2242800070CEF /* BrewFormulaModel.swift in Sources */ = {isa = PBXBuildFile; fileRef = 2EE8236E28B2242800070CEF /* BrewFormulaModel.swift */; };
		2EE8237128B2253200070CEF /* BrewFormulaViewModel.swift in Sources */ = {isa = PBXBuildFile; fileRef = 2EE8237028B2253200070CEF /* BrewFormulaViewModel.swift */; };
		2EE8237328B2264300070CEF /* FormulaDetailsView.swift in Sources */ = {isa = PBXBuildFile; fileRef = 2EE8237228B2264300070CEF /* FormulaDetailsView.swift */; };
/* End PBXBuildFile section */

/* Begin PBXFileReference section */
		2E0BA74D28B0CDD100B3FDA7 /* CaskDetailsView.swift */ = {isa = PBXFileReference; lastKnownFileType = sourcecode.swift; path = CaskDetailsView.swift; sourceTree = "<group>"; };
		2E5C784E28AFD05E005FB5A0 /* BrewStatModel.swift */ = {isa = PBXFileReference; lastKnownFileType = sourcecode.swift; path = BrewStatModel.swift; sourceTree = "<group>"; };
		2E5C785028AFD0D3005FB5A0 /* BrewStatViewModel.swift */ = {isa = PBXFileReference; lastKnownFileType = sourcecode.swift; path = BrewStatViewModel.swift; sourceTree = "<group>"; };
		2E8566EC28AF7B0600955D12 /* Brew Browser.app */ = {isa = PBXFileReference; explicitFileType = wrapper.application; includeInIndex = 0; path = "Brew Browser.app"; sourceTree = BUILT_PRODUCTS_DIR; };
		2E8566EF28AF7B0600955D12 /* brewBrowserApp.swift */ = {isa = PBXFileReference; lastKnownFileType = sourcecode.swift; path = brewBrowserApp.swift; sourceTree = "<group>"; };
		2E8566F128AF7B0600955D12 /* ContentView.swift */ = {isa = PBXFileReference; lastKnownFileType = sourcecode.swift; path = ContentView.swift; sourceTree = "<group>"; };
		2E8566F328AF7B0800955D12 /* Assets.xcassets */ = {isa = PBXFileReference; lastKnownFileType = folder.assetcatalog; path = Assets.xcassets; sourceTree = "<group>"; };
		2E8566F628AF7B0800955D12 /* Preview Assets.xcassets */ = {isa = PBXFileReference; lastKnownFileType = folder.assetcatalog; path = "Preview Assets.xcassets"; sourceTree = "<group>"; };
		2E85670028AF7E2900955D12 /* BrewCaskModel.swift */ = {isa = PBXFileReference; lastKnownFileType = sourcecode.swift; path = BrewCaskModel.swift; sourceTree = "<group>"; };
		2E85670228AF806600955D12 /* BrewCaskViewModel.swift */ = {isa = PBXFileReference; lastKnownFileType = sourcecode.swift; path = BrewCaskViewModel.swift; sourceTree = "<group>"; };
		2EAE14E928B3612A0068758F /* Info.plist */ = {isa = PBXFileReference; lastKnownFileType = text.plist; path = Info.plist; sourceTree = "<group>"; };
		2EBE516428B00E160063AD39 /* CasksView.swift */ = {isa = PBXFileReference; lastKnownFileType = sourcecode.swift; path = CasksView.swift; sourceTree = "<group>"; };
		2EBE516628B00E340063AD39 /* StatView.swift */ = {isa = PBXFileReference; lastKnownFileType = sourcecode.swift; path = StatView.swift; sourceTree = "<group>"; };
		2EBE516828B00E510063AD39 /* AboutView.swift */ = {isa = PBXFileReference; lastKnownFileType = sourcecode.swift; path = AboutView.swift; sourceTree = "<group>"; };
		2EE8236C28B2236D00070CEF /* FormulaeView.swift */ = {isa = PBXFileReference; lastKnownFileType = sourcecode.swift; path = FormulaeView.swift; sourceTree = "<group>"; };
		2EE8236E28B2242800070CEF /* BrewFormulaModel.swift */ = {isa = PBXFileReference; lastKnownFileType = sourcecode.swift; path = BrewFormulaModel.swift; sourceTree = "<group>"; };
		2EE8237028B2253200070CEF /* BrewFormulaViewModel.swift */ = {isa = PBXFileReference; lastKnownFileType = sourcecode.swift; path = BrewFormulaViewModel.swift; sourceTree = "<group>"; };
		2EE8237228B2264300070CEF /* FormulaDetailsView.swift */ = {isa = PBXFileReference; lastKnownFileType = sourcecode.swift; path = FormulaDetailsView.swift; sourceTree = "<group>"; };
/* End PBXFileReference section */

/* Begin PBXFrameworksBuildPhase section */
		2E8566E928AF7B0600955D12 /* Frameworks */ = {
			isa = PBXFrameworksBuildPhase;
			buildActionMask = 2147483647;
			files = (
			);
			runOnlyForDeploymentPostprocessing = 0;
		};
/* End PBXFrameworksBuildPhase section */

/* Begin PBXGroup section */
		2E8566E328AF7B0600955D12 = {
			isa = PBXGroup;
			children = (
				2E8566EE28AF7B0600955D12 /* brewBrowser */,
				2E8566ED28AF7B0600955D12 /* Products */,
			);
			sourceTree = "<group>";
		};
		2E8566ED28AF7B0600955D12 /* Products */ = {
			isa = PBXGroup;
			children = (
				2E8566EC28AF7B0600955D12 /* Brew Browser.app */,
			);
			name = Products;
			sourceTree = "<group>";
		};
		2E8566EE28AF7B0600955D12 /* brewBrowser */ = {
			isa = PBXGroup;
			children = (
				2E8566FD28AF7DC800955D12 /* Model */,
				2E8566FF28AF7DF600955D12 /* ViewModel */,
				2E8566FE28AF7DE400955D12 /* View */,
				2E8566EF28AF7B0600955D12 /* brewBrowserApp.swift */,
				2E8566F328AF7B0800955D12 /* Assets.xcassets */,
				2EAE14E928B3612A0068758F /* Info.plist */,
				2E8566F528AF7B0800955D12 /* Preview Content */,
			);
			path = brewBrowser;
			sourceTree = "<group>";
		};
		2E8566F528AF7B0800955D12 /* Preview Content */ = {
			isa = PBXGroup;
			children = (
				2E8566F628AF7B0800955D12 /* Preview Assets.xcassets */,
			);
			path = "Preview Content";
			sourceTree = "<group>";
		};
		2E8566FD28AF7DC800955D12 /* Model */ = {
			isa = PBXGroup;
			children = (
				2EE8236E28B2242800070CEF /* BrewFormulaModel.swift */,
				2E85670028AF7E2900955D12 /* BrewCaskModel.swift */,
				2E5C784E28AFD05E005FB5A0 /* BrewStatModel.swift */,
			);
			path = Model;
			sourceTree = "<group>";
		};
		2E8566FE28AF7DE400955D12 /* View */ = {
			isa = PBXGroup;
			children = (
				2E8566F128AF7B0600955D12 /* ContentView.swift */,
				2EBE516828B00E510063AD39 /* AboutView.swift */,
				2EE8236C28B2236D00070CEF /* FormulaeView.swift */,
				2EE8237228B2264300070CEF /* FormulaDetailsView.swift */,
				2EBE516428B00E160063AD39 /* CasksView.swift */,
				2E0BA74D28B0CDD100B3FDA7 /* CaskDetailsView.swift */,
				2EBE516628B00E340063AD39 /* StatView.swift */,
			);
			path = View;
			sourceTree = "<group>";
		};
		2E8566FF28AF7DF600955D12 /* ViewModel */ = {
			isa = PBXGroup;
			children = (
				2EE8237028B2253200070CEF /* BrewFormulaViewModel.swift */,
				2E85670228AF806600955D12 /* BrewCaskViewModel.swift */,
				2E5C785028AFD0D3005FB5A0 /* BrewStatViewModel.swift */,
			);
			path = ViewModel;
			sourceTree = "<group>";
		};
/* End PBXGroup section */

/* Begin PBXNativeTarget section */
		2E8566EB28AF7B0600955D12 /* brewBrowser */ = {
			isa = PBXNativeTarget;
			buildConfigurationList = 2E8566FA28AF7B0800955D12 /* Build configuration list for PBXNativeTarget "brewBrowser" */;
			buildPhases = (
				2E8566E828AF7B0600955D12 /* Sources */,
				2E8566E928AF7B0600955D12 /* Frameworks */,
				2E8566EA28AF7B0600955D12 /* Resources */,
			);
			buildRules = (
			);
			dependencies = (
			);
			name = brewBrowser;
			productName = brewBrowser;
			productReference = 2E8566EC28AF7B0600955D12 /* Brew Browser.app */;
			productType = "com.apple.product-type.application";
		};
/* End PBXNativeTarget section */

/* Begin PBXProject section */
		2E8566E428AF7B0600955D12 /* Project object */ = {
			isa = PBXProject;
			attributes = {
				BuildIndependentTargetsInParallel = 1;
				LastSwiftUpdateCheck = 1340;
				LastUpgradeCheck = 1340;
				TargetAttributes = {
					2E8566EB28AF7B0600955D12 = {
						CreatedOnToolsVersion = 13.4.1;
					};
				};
			};
			buildConfigurationList = 2E8566E728AF7B0600955D12 /* Build configuration list for PBXProject "brewBrowser" */;
			compatibilityVersion = "Xcode 13.0";
			developmentRegion = en;
			hasScannedForEncodings = 0;
			knownRegions = (
				en,
				Base,
			);
			mainGroup = 2E8566E328AF7B0600955D12;
			productRefGroup = 2E8566ED28AF7B0600955D12 /* Products */;
			projectDirPath = "";
			projectRoot = "";
			targets = (
				2E8566EB28AF7B0600955D12 /* brewBrowser */,
			);
		};
/* End PBXProject section */

/* Begin PBXResourcesBuildPhase section */
		2E8566EA28AF7B0600955D12 /* Resources */ = {
			isa = PBXResourcesBuildPhase;
			buildActionMask = 2147483647;
			files = (
				2E8566F728AF7B0800955D12 /* Preview Assets.xcassets in Resources */,
				2E8566F428AF7B0800955D12 /* Assets.xcassets in Resources */,
			);
			runOnlyForDeploymentPostprocessing = 0;
		};
/* End PBXResourcesBuildPhase section */

/* Begin PBXSourcesBuildPhase section */
		2E8566E828AF7B0600955D12 /* Sources */ = {
			isa = PBXSourcesBuildPhase;
			buildActionMask = 2147483647;
			files = (
				2EBE516728B00E340063AD39 /* StatView.swift in Sources */,
				2E5C785128AFD0D3005FB5A0 /* BrewStatViewModel.swift in Sources */,
				2EE8236F28B2242800070CEF /* BrewFormulaModel.swift in Sources */,
				2E85670328AF806600955D12 /* BrewCaskViewModel.swift in Sources */,
				2EE8237328B2264300070CEF /* FormulaDetailsView.swift in Sources */,
				2E5C784F28AFD05E005FB5A0 /* BrewStatModel.swift in Sources */,
				2EE8237128B2253200070CEF /* BrewFormulaViewModel.swift in Sources */,
				2EBE516928B00E510063AD39 /* AboutView.swift in Sources */,
				2E8566F228AF7B0600955D12 /* ContentView.swift in Sources */,
				2EBE516528B00E160063AD39 /* CasksView.swift in Sources */,
				2E0BA74E28B0CDD100B3FDA7 /* CaskDetailsView.swift in Sources */,
				2EE8236D28B2236D00070CEF /* FormulaeView.swift in Sources */,
				2E85670128AF7E2900955D12 /* BrewCaskModel.swift in Sources */,
				2E8566F028AF7B0600955D12 /* brewBrowserApp.swift in Sources */,
			);
			runOnlyForDeploymentPostprocessing = 0;
		};
/* End PBXSourcesBuildPhase section */

/* Begin XCBuildConfiguration section */
		2E8566F828AF7B0800955D12 /* Debug */ = {
			isa = XCBuildConfiguration;
			buildSettings = {
				ALWAYS_SEARCH_USER_PATHS = NO;
				CLANG_ANALYZER_NONNULL = YES;
				CLANG_ANALYZER_NUMBER_OBJECT_CONVERSION = YES_AGGRESSIVE;
				CLANG_CXX_LANGUAGE_STANDARD = "gnu++17";
				CLANG_ENABLE_MODULES = YES;
				CLANG_ENABLE_OBJC_ARC = YES;
				CLANG_ENABLE_OBJC_WEAK = YES;
				CLANG_WARN_BLOCK_CAPTURE_AUTORELEASING = YES;
				CLANG_WARN_BOOL_CONVERSION = YES;
				CLANG_WARN_COMMA = YES;
				CLANG_WARN_CONSTANT_CONVERSION = YES;
				CLANG_WARN_DEPRECATED_OBJC_IMPLEMENTATIONS = YES;
				CLANG_WARN_DIRECT_OBJC_ISA_USAGE = YES_ERROR;
				CLANG_WARN_DOCUMENTATION_COMMENTS = YES;
				CLANG_WARN_EMPTY_BODY = YES;
				CLANG_WARN_ENUM_CONVERSION = YES;
				CLANG_WARN_INFINITE_RECURSION = YES;
				CLANG_WARN_INT_CONVERSION = YES;
				CLANG_WARN_NON_LITERAL_NULL_CONVERSION = YES;
				CLANG_WARN_OBJC_IMPLICIT_RETAIN_SELF = YES;
				CLANG_WARN_OBJC_LITERAL_CONVERSION = YES;
				CLANG_WARN_OBJC_ROOT_CLASS = YES_ERROR;
				CLANG_WARN_QUOTED_INCLUDE_IN_FRAMEWORK_HEADER = YES;
				CLANG_WARN_RANGE_LOOP_ANALYSIS = YES;
				CLANG_WARN_STRICT_PROTOTYPES = YES;
				CLANG_WARN_SUSPICIOUS_MOVE = YES;
				CLANG_WARN_UNGUARDED_AVAILABILITY = YES_AGGRESSIVE;
				CLANG_WARN_UNREACHABLE_CODE = YES;
				CLANG_WARN__DUPLICATE_METHOD_MATCH = YES;
				COPY_PHASE_STRIP = NO;
				DEBUG_INFORMATION_FORMAT = dwarf;
				ENABLE_STRICT_OBJC_MSGSEND = YES;
				ENABLE_TESTABILITY = YES;
				GCC_C_LANGUAGE_STANDARD = gnu11;
				GCC_DYNAMIC_NO_PIC = NO;
				GCC_NO_COMMON_BLOCKS = YES;
				GCC_OPTIMIZATION_LEVEL = 0;
				GCC_PREPROCESSOR_DEFINITIONS = (
					"DEBUG=1",
					"$(inherited)",
				);
				GCC_WARN_64_TO_32_BIT_CONVERSION = YES;
				GCC_WARN_ABOUT_RETURN_TYPE = YES_ERROR;
				GCC_WARN_UNDECLARED_SELECTOR = YES;
				GCC_WARN_UNINITIALIZED_AUTOS = YES_AGGRESSIVE;
				GCC_WARN_UNUSED_FUNCTION = YES;
				GCC_WARN_UNUSED_VARIABLE = YES;
				IPHONEOS_DEPLOYMENT_TARGET = 15.5;
				MTL_ENABLE_DEBUG_INFO = INCLUDE_SOURCE;
				MTL_FAST_MATH = YES;
				ONLY_ACTIVE_ARCH = YES;
				SDKROOT = iphoneos;
				SWIFT_ACTIVE_COMPILATION_CONDITIONS = DEBUG;
				SWIFT_OPTIMIZATION_LEVEL = "-Onone";
			};
			name = Debug;
		};
		2E8566F928AF7B0800955D12 /* Release */ = {
			isa = XCBuildConfiguration;
			buildSettings = {
				ALWAYS_SEARCH_USER_PATHS = NO;
				CLANG_ANALYZER_NONNULL = YES;
				CLANG_ANALYZER_NUMBER_OBJECT_CONVERSION = YES_AGGRESSIVE;
				CLANG_CXX_LANGUAGE_STANDARD = "gnu++17";
				CLANG_ENABLE_MODULES = YES;
				CLANG_ENABLE_OBJC_ARC = YES;
				CLANG_ENABLE_OBJC_WEAK = YES;
				CLANG_WARN_BLOCK_CAPTURE_AUTORELEASING = YES;
				CLANG_WARN_BOOL_CONVERSION = YES;
				CLANG_WARN_COMMA = YES;
				CLANG_WARN_CONSTANT_CONVERSION = YES;
				CLANG_WARN_DEPRECATED_OBJC_IMPLEMENTATIONS = YES;
				CLANG_WARN_DIRECT_OBJC_ISA_USAGE = YES_ERROR;
				CLANG_WARN_DOCUMENTATION_COMMENTS = YES;
				CLANG_WARN_EMPTY_BODY = YES;
				CLANG_WARN_ENUM_CONVERSION = YES;
				CLANG_WARN_INFINITE_RECURSION = YES;
				CLANG_WARN_INT_CONVERSION = YES;
				CLANG_WARN_NON_LITERAL_NULL_CONVERSION = YES;
				CLANG_WARN_OBJC_IMPLICIT_RETAIN_SELF = YES;
				CLANG_WARN_OBJC_LITERAL_CONVERSION = YES;
				CLANG_WARN_OBJC_ROOT_CLASS = YES_ERROR;
				CLANG_WARN_QUOTED_INCLUDE_IN_FRAMEWORK_HEADER = YES;
				CLANG_WARN_RANGE_LOOP_ANALYSIS = YES;
				CLANG_WARN_STRICT_PROTOTYPES = YES;
				CLANG_WARN_SUSPICIOUS_MOVE = YES;
				CLANG_WARN_UNGUARDED_AVAILABILITY = YES_AGGRESSIVE;
				CLANG_WARN_UNREACHABLE_CODE = YES;
				CLANG_WARN__DUPLICATE_METHOD_MATCH = YES;
				COPY_PHASE_STRIP = NO;
				DEBUG_INFORMATION_FORMAT = "dwarf-with-dsym";
				ENABLE_NS_ASSERTIONS = NO;
				ENABLE_STRICT_OBJC_MSGSEND = YES;
				GCC_C_LANGUAGE_STANDARD = gnu11;
				GCC_NO_COMMON_BLOCKS = YES;
				GCC_WARN_64_TO_32_BIT_CONVERSION = YES;
				GCC_WARN_ABOUT_RETURN_TYPE = YES_ERROR;
				GCC_WARN_UNDECLARED_SELECTOR = YES;
				GCC_WARN_UNINITIALIZED_AUTOS = YES_AGGRESSIVE;
				GCC_WARN_UNUSED_FUNCTION = YES;
				GCC_WARN_UNUSED_VARIABLE = YES;
				IPHONEOS_DEPLOYMENT_TARGET = 15.5;
				MTL_ENABLE_DEBUG_INFO = NO;
				MTL_FAST_MATH = YES;
				SDKROOT = iphoneos;
				SWIFT_COMPILATION_MODE = wholemodule;
				SWIFT_OPTIMIZATION_LEVEL = "-O";
				VALIDATE_PRODUCT = YES;
			};
			name = Release;
		};
		2E8566FB28AF7B0800955D12 /* Debug */ = {
			isa = XCBuildConfiguration;
			buildSettings = {
				ASSETCATALOG_COMPILER_APPICON_NAME = AppIcon;
				ASSETCATALOG_COMPILER_GLOBAL_ACCENT_COLOR_NAME = AccentColor;
				CODE_SIGN_STYLE = Automatic;
				CURRENT_PROJECT_VERSION = 2;
				DEVELOPMENT_ASSET_PATHS = "\"brewBrowser/Preview Content\"";
				DEVELOPMENT_TEAM = T4V85UXJG5;
				ENABLE_PREVIEWS = YES;
				GENERATE_INFOPLIST_FILE = YES;
				INFOPLIST_FILE = brewBrowser/Info.plist;
				INFOPLIST_KEY_CFBundleDisplayName = "Brew Browser";
				INFOPLIST_KEY_UIApplicationSupportsIndirectInputEvents = YES;
				INFOPLIST_KEY_UISupportedInterfaceOrientations = "UIInterfaceOrientationPortrait UIInterfaceOrientationPortraitUpsideDown";
				INFOPLIST_KEY_UISupportedInterfaceOrientations_iPad = "UIInterfaceOrientationPortrait UIInterfaceOrientationPortraitUpsideDown UIInterfaceOrientationLandscapeLeft UIInterfaceOrientationLandscapeRight";
				INFOPLIST_KEY_UISupportedInterfaceOrientations_iPhone = "UIInterfaceOrientationPortrait UIInterfaceOrientationLandscapeLeft UIInterfaceOrientationLandscapeRight";
				LD_RUNPATH_SEARCH_PATHS = (
					"$(inherited)",
					"@executable_path/Frameworks",
				);
				MARKETING_VERSION = 1.1;
				PRODUCT_BUNDLE_IDENTIFIER = de.tatomi.brewBrowser;
				PRODUCT_NAME = "Brew Browser";
				SWIFT_EMIT_LOC_STRINGS = YES;
				SWIFT_VERSION = 5.0;
				TARGETED_DEVICE_FAMILY = "1,2";
			};
			name = Debug;
		};
		2E8566FC28AF7B0800955D12 /* Release */ = {
			isa = XCBuildConfiguration;
			buildSettings = {
				ASSETCATALOG_COMPILER_APPICON_NAME = AppIcon;
				ASSETCATALOG_COMPILER_GLOBAL_ACCENT_COLOR_NAME = AccentColor;
				CODE_SIGN_STYLE = Automatic;
				CURRENT_PROJECT_VERSION = 2;
				DEVELOPMENT_ASSET_PATHS = "\"brewBrowser/Preview Content\"";
				DEVELOPMENT_TEAM = T4V85UXJG5;
				ENABLE_PREVIEWS = YES;
				GENERATE_INFOPLIST_FILE = YES;
				INFOPLIST_FILE = brewBrowser/Info.plist;
				INFOPLIST_KEY_CFBundleDisplayName = "Brew Browser";
				INFOPLIST_KEY_UIApplicationSupportsIndirectInputEvents = YES;
				INFOPLIST_KEY_UISupportedInterfaceOrientations = "UIInterfaceOrientationPortrait UIInterfaceOrientationPortraitUpsideDown";
				INFOPLIST_KEY_UISupportedInterfaceOrientations_iPad = "UIInterfaceOrientationPortrait UIInterfaceOrientationPortraitUpsideDown UIInterfaceOrientationLandscapeLeft UIInterfaceOrientationLandscapeRight";
				INFOPLIST_KEY_UISupportedInterfaceOrientations_iPhone = "UIInterfaceOrientationPortrait UIInterfaceOrientationLandscapeLeft UIInterfaceOrientationLandscapeRight";
				LD_RUNPATH_SEARCH_PATHS = (
					"$(inherited)",
					"@executable_path/Frameworks",
				);
				MARKETING_VERSION = 1.1;
				PRODUCT_BUNDLE_IDENTIFIER = de.tatomi.brewBrowser;
				PRODUCT_NAME = "Brew Browser";
				SWIFT_EMIT_LOC_STRINGS = YES;
				SWIFT_VERSION = 5.0;
				TARGETED_DEVICE_FAMILY = "1,2";
			};
			name = Release;
		};
/* End XCBuildConfiguration section */

/* Begin XCConfigurationList section */
		2E8566E728AF7B0600955D12 /* Build configuration list for PBXProject "brewBrowser" */ = {
			isa = XCConfigurationList;
			buildConfigurations = (
				2E8566F828AF7B0800955D12 /* Debug */,
				2E8566F928AF7B0800955D12 /* Release */,
			);
			defaultConfigurationIsVisible = 0;
			defaultConfigurationName = Release;
		};
		2E8566FA28AF7B0800955D12 /* Build configuration list for PBXNativeTarget "brewBrowser" */ = {
			isa = XCConfigurationList;
			buildConfigurations = (
				2E8566FB28AF7B0800955D12 /* Debug */,
				2E8566FC28AF7B0800955D12 /* Release */,
			);
			defaultConfigurationIsVisible = 0;
			defaultConfigurationName = Release;
		};
/* End XCConfigurationList section */
	};
	rootObject = 2E8566E428AF7B0600955D12 /* Project object */;
}
